
Microsoft Visual Studio Solution File, Format Version 12.00
# Visual Studio Version 16
VisualStudioVersion = 16.0.30907.101
MinimumVisualStudioVersion = 10.0.40219.1
Project("{9A19103F-16F7-4668-BE54-9A1E7A4F7556}") = "DataAccess", "DataAccess\DataAccess.csproj", "{94452482-DA34-469A-9914-56F9EED729C8}"
EndProject
Project("{9A19103F-16F7-4668-BE54-9A1E7A4F7556}") = "Business", "Business\Business.csproj", "{153E7F9A-AA4E-42D0-A607-D35C7FF0697B}"
EndProject
Project("{9A19103F-16F7-4668-BE54-9A1E7A4F7556}") = "Entities", "Entities\Entities.csproj", "{D1C1B469-E702-42BC-B61E-B21DC094F620}"
EndProject
Project("{9A19103F-16F7-4668-BE54-9A1E7A4F7556}") = "ConsoleUI", "ConsoleUI\ConsoleUI.csproj", "{C413F9B5-E79F-4510-8C65-C98D76598EDD}"
EndProject
Project("{9A19103F-16F7-4668-BE54-9A1E7A4F7556}") = "Core", "Core\Core.csproj", "{DDB9E941-9552-4E16-82D8-6EC8DF3AA72A}"
EndProject
Project("{FAE04EC0-301F-11D3-BF4B-00C04F79EFBC}") = "WebAPI", "WebAPI\WebAPI.csproj", "{5D7DCD65-32A3-417F-B538-58961D94EF8A}"
EndProject
Global
	GlobalSection(SolutionConfigurationPlatforms) = preSolution
		Debug|Any CPU = Debug|Any CPU
		Release|Any CPU = Release|Any CPU
	EndGlobalSection
	GlobalSection(ProjectConfigurationPlatforms) = postSolution
		{94452482-DA34-469A-9914-56F9EED729C8}.Debug|Any CPU.ActiveCfg = Debug|Any CPU
		{94452482-DA34-469A-9914-56F9EED729C8}.Debug|Any CPU.Build.0 = Debug|Any CPU
		{94452482-DA34-469A-9914-56F9EED729C8}.Release|Any CPU.ActiveCfg = Release|Any CPU
		{94452482-DA34-469A-9914-56F9EED729C8}.Release|Any CPU.Build.0 = Release|Any CPU
		{153E7F9A-AA4E-42D0-A607-D35C7FF0697B}.Debug|Any CPU.ActiveCfg = Debug|Any CPU
		{153E7F9A-AA4E-42D0-A607-D35C7FF0697B}.Debug|Any CPU.Build.0 = Debug|Any CPU
		{153E7F9A-AA4E-42D0-A607-D35C7FF0697B}.Release|Any CPU.ActiveCfg = Release|Any CPU
		{153E7F9A-AA4E-42D0-A607-D35C7FF0697B}.Release|Any CPU.Build.0 = Release|Any CPU
		{D1C1B469-E702-42BC-B61E-B21DC094F620}.Debug|Any CPU.ActiveCfg = Debug|Any CPU
		{D1C1B469-E702-42BC-B61E-B21DC094F620}.Debug|Any CPU.Build.0 = Debug|Any CPU
		{D1C1B469-E702-42BC-B61E-B21DC094F620}.Release|Any CPU.ActiveCfg = Release|Any CPU
		{D1C1B469-E702-42BC-B61E-B21DC094F620}.Release|Any CPU.Build.0 = Release|Any CPU
		{C413F9B5-E79F-4510-8C65-C98D76598EDD}.Debug|Any CPU.ActiveCfg = Debug|Any CPU
		{C413F9B5-E79F-4510-8C65-C98D76598EDD}.Debug|Any CPU.Build.0 = Debug|Any CPU
		{C413F9B5-E79F-4510-8C65-C98D76598EDD}.Release|Any CPU.ActiveCfg = Release|Any CPU
		{C413F9B5-E79F-4510-8C65-C98D76598EDD}.Release|Any CPU.Build.0 = Release|Any CPU
		{DDB9E941-9552-4E16-82D8-6EC8DF3AA72A}.Debug|Any CPU.ActiveCfg = Debug|Any CPU
		{DDB9E941-9552-4E16-82D8-6EC8DF3AA72A}.Debug|Any CPU.Build.0 = Debug|Any CPU
		{DDB9E941-9552-4E16-82D8-6EC8DF3AA72A}.Release|Any CPU.ActiveCfg = Release|Any CPU
		{DDB9E941-9552-4E16-82D8-6EC8DF3AA72A}.Release|Any CPU.Build.0 = Release|Any CPU
		{5D7DCD65-32A3-417F-B538-58961D94EF8A}.Debug|Any CPU.ActiveCfg = Debug|Any CPU
		{5D7DCD65-32A3-417F-B538-58961D94EF8A}.Debug|Any CPU.Build.0 = Debug|Any CPU
		{5D7DCD65-32A3-417F-B538-58961D94EF8A}.Release|Any CPU.ActiveCfg = Release|Any CPU
		{5D7DCD65-32A3-417F-B538-58961D94EF8A}.Release|Any CPU.Build.0 = Release|Any CPU
	EndGlobalSection
	GlobalSection(SolutionProperties) = preSolution
		HideSolutionNode = FALSE
	EndGlobalSection
	GlobalSection(ExtensibilityGlobals) = postSolution
		SolutionGuid = {61554CFE-4A97-4CBD-B8E4-2D9595B7BF6C}
	EndGlobalSection
EndGlobal
